
Microsoft Visual Studio Solution File, Format Version 12.00
# Visual Studio Version 17
VisualStudioVersion = 17.1.32407.343
MinimumVisualStudioVersion = 10.0.40219.1
Project("{FAE04EC0-301F-11D3-BF4B-00C04F79EFBC}") = "ConsoleFlashCardsGame", "ConsoleFlashCardsGame\ConsoleFlashCardsGame.csproj", "{DE603703-6BB6-4E8C-9951-32974309ED25}"
EndProject
Global
	GlobalSection(SolutionConfigurationPlatforms) = preSolution
		Debug|Any CPU = Debug|Any CPU
		Release|Any CPU = Release|Any CPU
	EndGlobalSection
	GlobalSection(ProjectConfigurationPlatforms) = postSolution
		{DE603703-6BB6-4E8C-9951-32974309ED25}.Debug|Any CPU.ActiveCfg = Debug|Any CPU
		{DE603703-6BB6-4E8C-9951-32974309ED25}.Debug|Any CPU.Build.0 = Debug|Any CPU
		{DE603703-6BB6-4E8C-9951-32974309ED25}.Release|Any CPU.ActiveCfg = Release|Any CPU
		{DE603703-6BB6-4E8C-9951-32974309ED25}.Release|Any CPU.Build.0 = Release|Any CPU
	EndGlobalSection
	GlobalSection(SolutionProperties) = preSolution
		HideSolutionNode = FALSE
	EndGlobalSection
	GlobalSection(ExtensibilityGlobals) = postSolution
		SolutionGuid = {1AD19B25-FBB8-40E1-9222-CCB913FE3BD9}
	EndGlobalSection
EndGlobal
